
Microsoft Visual Studio Solution File, Format Version 12.00
# Visual Studio Version 16
VisualStudioVersion = 16.0.29102.190
MinimumVisualStudioVersion = 10.0.40219.1
Project("{FAE04EC0-301F-11D3-BF4B-00C04F79EFBC}") = "BookAPI", "BookAPI\BookAPI.csproj", "{5AB6F691-58AD-47E8-A70E-FCE49DD3FD28}"
EndProject
Global
	GlobalSection(SolutionConfigurationPlatforms) = preSolution
		Debug|Any CPU = Debug|Any CPU
		Release|Any CPU = Release|Any CPU
	EndGlobalSection
	GlobalSection(ProjectConfigurationPlatforms) = postSolution
		{5AB6F691-58AD-47E8-A70E-FCE49DD3FD28}.Debug|Any CPU.ActiveCfg = Debug|Any CPU
		{5AB6F691-58AD-47E8-A70E-FCE49DD3FD28}.Debug|Any CPU.Build.0 = Debug|Any CPU
		{5AB6F691-58AD-47E8-A70E-FCE49DD3FD28}.Release|Any CPU.ActiveCfg = Release|Any CPU
		{5AB6F691-58AD-47E8-A70E-FCE49DD3FD28}.Release|Any CPU.Build.0 = Release|Any CPU
	EndGlobalSection
	GlobalSection(SolutionProperties) = preSolution
		HideSolutionNode = FALSE
	EndGlobalSection
	GlobalSection(ExtensibilityGlobals) = postSolution
		SolutionGuid = {8DDBE138-AD31-4057-935D-5224689869C7}
	EndGlobalSection
EndGlobal
